// !$*UTF8*$!
{
	archiveVersion = 1;
	classes = {
	};
	objectVersion = 50;
	objects = {

/* Begin PBXBuildFile section */
		BB964B89225A415C001CAE11 /* AZServiceDate.m in Sources */ = {isa = PBXBuildFile; fileRef = BB964B88225A415C001CAE11 /* AZServiceDate.m */; };
		BBD241E9219AAC7A00911365 /* AppDelegate.m in Sources */ = {isa = PBXBuildFile; fileRef = BBD241E8219AAC7A00911365 /* AppDelegate.m */; };
		BBD241EC219AAC7A00911365 /* ViewController.m in Sources */ = {isa = PBXBuildFile; fileRef = BBD241EB219AAC7A00911365 /* ViewController.m */; };
		BBD241EF219AAC7A00911365 /* Main.storyboard in Resources */ = {isa = PBXBuildFile; fileRef = BBD241ED219AAC7A00911365 /* Main.storyboard */; };
		BBD241F1219AAC7C00911365 /* Assets.xcassets in Resources */ = {isa = PBXBuildFile; fileRef = BBD241F0219AAC7C00911365 /* Assets.xcassets */; };
		BBD241F4219AAC7C00911365 /* LaunchScreen.storyboard in Resources */ = {isa = PBXBuildFile; fileRef = BBD241F2219AAC7C00911365 /* LaunchScreen.storyboard */; };
		BBD241F7219AAC7C00911365 /* main.m in Sources */ = {isa = PBXBuildFile; fileRef = BBD241F6219AAC7C00911365 /* main.m */; };
		BBD2420C219AAE4600911365 /* UIViewController+AZPushAndPop.m in Sources */ = {isa = PBXBuildFile; fileRef = BBD24209219AAE4600911365 /* UIViewController+AZPushAndPop.m */; };
		BBD2420D219AAE4600911365 /* UIView+AZGradient.m in Sources */ = {isa = PBXBuildFile; fileRef = BBD2420A219AAE4600911365 /* UIView+AZGradient.m */; };
		BBD2420E219AAE4600911365 /* NSObject+AZSafeArea.m in Sources */ = {isa = PBXBuildFile; fileRef = BBD2420B219AAE4600911365 /* NSObject+AZSafeArea.m */; };
		BBD24216219AAE5800911365 /* UIImage+Transform.m in Sources */ = {isa = PBXBuildFile; fileRef = BBD24212219AAE5800911365 /* UIImage+Transform.m */; };
		BBD24217219AAE5800911365 /* NSDate+AZInternetDateTime.m in Sources */ = {isa = PBXBuildFile; fileRef = BBD24213219AAE5800911365 /* NSDate+AZInternetDateTime.m */; };
		BBD24218219AAE5800911365 /* NSString+Number.m in Sources */ = {isa = PBXBuildFile; fileRef = BBD24215219AAE5800911365 /* NSString+Number.m */; };
		BBD24224219AAE5F00911365 /* GradientVC.m in Sources */ = {isa = PBXBuildFile; fileRef = BBD2421B219AAE5F00911365 /* GradientVC.m */; };
		BBD24225219AAE5F00911365 /* PushAndPopVCOne.xib in Resources */ = {isa = PBXBuildFile; fileRef = BBD2421F219AAE5F00911365 /* PushAndPopVCOne.xib */; };
		BBD24226219AAE5F00911365 /* PushAndPopVCTwo.m in Sources */ = {isa = PBXBuildFile; fileRef = BBD24220219AAE5F00911365 /* PushAndPopVCTwo.m */; };
		BBD24227219AAE5F00911365 /* PushAndPopVCOne.m in Sources */ = {isa = PBXBuildFile; fileRef = BBD24221219AAE5F00911365 /* PushAndPopVCOne.m */; };
		BBD24228219AAE5F00911365 /* PushAndPopVCTwo.xib in Resources */ = {isa = PBXBuildFile; fileRef = BBD24223219AAE5F00911365 /* PushAndPopVCTwo.xib */; };
/* End PBXBuildFile section */

/* Begin PBXFileReference section */
		BB964B87225A415C001CAE11 /* AZServiceDate.h */ = {isa = PBXFileReference; lastKnownFileType = sourcecode.c.h; path = AZServiceDate.h; sourceTree = "<group>"; };
		BB964B88225A415C001CAE11 /* AZServiceDate.m */ = {isa = PBXFileReference; lastKnownFileType = sourcecode.c.objc; path = AZServiceDate.m; sourceTree = "<group>"; };
		BBD241E4219AAC7A00911365 /* AZCategory.app */ = {isa = PBXFileReference; explicitFileType = wrapper.application; includeInIndex = 0; path = AZCategory.app; sourceTree = BUILT_PRODUCTS_DIR; };
		BBD241E7219AAC7A00911365 /* AppDelegate.h */ = {isa = PBXFileReference; lastKnownFileType = sourcecode.c.h; path = AppDelegate.h; sourceTree = "<group>"; };
		BBD241E8219AAC7A00911365 /* AppDelegate.m */ = {isa = PBXFileReference; lastKnownFileType = sourcecode.c.objc; path = AppDelegate.m; sourceTree = "<group>"; };
		BBD241EA219AAC7A00911365 /* ViewController.h */ = {isa = PBXFileReference; lastKnownFileType = sourcecode.c.h; path = ViewController.h; sourceTree = "<group>"; };
		BBD241EB219AAC7A00911365 /* ViewController.m */ = {isa = PBXFileReference; lastKnownFileType = sourcecode.c.objc; path = ViewController.m; sourceTree = "<group>"; };
		BBD241EE219AAC7A00911365 /* Base */ = {isa = PBXFileReference; lastKnownFileType = file.storyboard; name = Base; path = Base.lproj/Main.storyboard; sourceTree = "<group>"; };
		BBD241F0219AAC7C00911365 /* Assets.xcassets */ = {isa = PBXFileReference; lastKnownFileType = folder.assetcatalog; path = Assets.xcassets; sourceTree = "<group>"; };
		BBD241F3219AAC7C00911365 /* Base */ = {isa = PBXFileReference; lastKnownFileType = file.storyboard; name = Base; path = Base.lproj/LaunchScreen.storyboard; sourceTree = "<group>"; };
		BBD241F5219AAC7C00911365 /* Info.plist */ = {isa = PBXFileReference; lastKnownFileType = text.plist.xml; path = Info.plist; sourceTree = "<group>"; };
		BBD241F6219AAC7C00911365 /* main.m */ = {isa = PBXFileReference; lastKnownFileType = sourcecode.c.objc; path = main.m; sourceTree = "<group>"; };
		BBD24206219AAE4600911365 /* UIViewController+AZPushAndPop.h */ = {isa = PBXFileReference; fileEncoding = 4; lastKnownFileType = sourcecode.c.h; path = "UIViewController+AZPushAndPop.h"; sourceTree = "<group>"; };
		BBD24207219AAE4600911365 /* NSObject+AZSafeArea.h */ = {isa = PBXFileReference; fileEncoding = 4; lastKnownFileType = sourcecode.c.h; path = "NSObject+AZSafeArea.h"; sourceTree = "<group>"; };
		BBD24208219AAE4600911365 /* UIView+AZGradient.h */ = {isa = PBXFileReference; fileEncoding = 4; lastKnownFileType = sourcecode.c.h; path = "UIView+AZGradient.h"; sourceTree = "<group>"; };
		BBD24209219AAE4600911365 /* UIViewController+AZPushAndPop.m */ = {isa = PBXFileReference; fileEncoding = 4; lastKnownFileType = sourcecode.c.objc; path = "UIViewController+AZPushAndPop.m"; sourceTree = "<group>"; };
		BBD2420A219AAE4600911365 /* UIView+AZGradient.m */ = {isa = PBXFileReference; fileEncoding = 4; lastKnownFileType = sourcecode.c.objc; path = "UIView+AZGradient.m"; sourceTree = "<group>"; };
		BBD2420B219AAE4600911365 /* NSObject+AZSafeArea.m */ = {isa = PBXFileReference; fileEncoding = 4; lastKnownFileType = sourcecode.c.objc; path = "NSObject+AZSafeArea.m"; sourceTree = "<group>"; };
		BBD24210219AAE5800911365 /* NSDate+AZInternetDateTime.h */ = {isa = PBXFileReference; fileEncoding = 4; lastKnownFileType = sourcecode.c.h; path = "NSDate+AZInternetDateTime.h"; sourceTree = "<group>"; };
		BBD24211219AAE5800911365 /* NSString+Number.h */ = {isa = PBXFileReference; fileEncoding = 4; lastKnownFileType = sourcecode.c.h; path = "NSString+Number.h"; sourceTree = "<group>"; };
		BBD24212219AAE5800911365 /* UIImage+Transform.m */ = {isa = PBXFileReference; fileEncoding = 4; lastKnownFileType = sourcecode.c.objc; path = "UIImage+Transform.m"; sourceTree = "<group>"; };
		BBD24213219AAE5800911365 /* NSDate+AZInternetDateTime.m */ = {isa = PBXFileReference; fileEncoding = 4; lastKnownFileType = sourcecode.c.objc; path = "NSDate+AZInternetDateTime.m"; sourceTree = "<group>"; };
		BBD24214219AAE5800911365 /* UIImage+Transform.h */ = {isa = PBXFileReference; fileEncoding = 4; lastKnownFileType = sourcecode.c.h; path = "UIImage+Transform.h"; sourceTree = "<group>"; };
		BBD24215219AAE5800911365 /* NSString+Number.m */ = {isa = PBXFileReference; fileEncoding = 4; lastKnownFileType = sourcecode.c.objc; path = "NSString+Number.m"; sourceTree = "<group>"; };
		BBD2421B219AAE5F00911365 /* GradientVC.m */ = {isa = PBXFileReference; fileEncoding = 4; lastKnownFileType = sourcecode.c.objc; path = GradientVC.m; sourceTree = "<group>"; };
		BBD2421C219AAE5F00911365 /* GradientVC.h */ = {isa = PBXFileReference; fileEncoding = 4; lastKnownFileType = sourcecode.c.h; path = GradientVC.h; sourceTree = "<group>"; };
		BBD2421E219AAE5F00911365 /* PushAndPopVCOne.h */ = {isa = PBXFileReference; fileEncoding = 4; lastKnownFileType = sourcecode.c.h; path = PushAndPopVCOne.h; sourceTree = "<group>"; };
		BBD2421F219AAE5F00911365 /* PushAndPopVCOne.xib */ = {isa = PBXFileReference; fileEncoding = 4; lastKnownFileType = file.xib; path = PushAndPopVCOne.xib; sourceTree = "<group>"; };
		BBD24220219AAE5F00911365 /* PushAndPopVCTwo.m */ = {isa = PBXFileReference; fileEncoding = 4; lastKnownFileType = sourcecode.c.objc; path = PushAndPopVCTwo.m; sourceTree = "<group>"; };
		BBD24221219AAE5F00911365 /* PushAndPopVCOne.m */ = {isa = PBXFileReference; fileEncoding = 4; lastKnownFileType = sourcecode.c.objc; path = PushAndPopVCOne.m; sourceTree = "<group>"; };
		BBD24222219AAE5F00911365 /* PushAndPopVCTwo.h */ = {isa = PBXFileReference; fileEncoding = 4; lastKnownFileType = sourcecode.c.h; path = PushAndPopVCTwo.h; sourceTree = "<group>"; };
		BBD24223219AAE5F00911365 /* PushAndPopVCTwo.xib */ = {isa = PBXFileReference; fileEncoding = 4; lastKnownFileType = file.xib; path = PushAndPopVCTwo.xib; sourceTree = "<group>"; };
/* End PBXFileReference section */

/* Begin PBXFrameworksBuildPhase section */
		BBD241E1219AAC7A00911365 /* Frameworks */ = {
			isa = PBXFrameworksBuildPhase;
			buildActionMask = 2147483647;
			files = (
			);
			runOnlyForDeploymentPostprocessing = 0;
		};
/* End PBXFrameworksBuildPhase section */

/* Begin PBXGroup section */
		BBD241DB219AAC7A00911365 = {
			isa = PBXGroup;
			children = (
				BBD241E6219AAC7A00911365 /* AZCategory */,
				BBD241E5219AAC7A00911365 /* Products */,
			);
			sourceTree = "<group>";
		};
		BBD241E5219AAC7A00911365 /* Products */ = {
			isa = PBXGroup;
			children = (
				BBD241E4219AAC7A00911365 /* AZCategory.app */,
			);
			name = Products;
			sourceTree = "<group>";
		};
		BBD241E6219AAC7A00911365 /* AZCategory */ = {
			isa = PBXGroup;
			children = (
				BBD24205219AAE4600911365 /* Source */,
				BBD2420F219AAE5800911365 /* OtherCategory */,
				BBD24219219AAE5F00911365 /* Test */,
				BBD241E7219AAC7A00911365 /* AppDelegate.h */,
				BBD241E8219AAC7A00911365 /* AppDelegate.m */,
				BBD241EA219AAC7A00911365 /* ViewController.h */,
				BBD241EB219AAC7A00911365 /* ViewController.m */,
				BBD241ED219AAC7A00911365 /* Main.storyboard */,
				BBD241F0219AAC7C00911365 /* Assets.xcassets */,
				BBD241F2219AAC7C00911365 /* LaunchScreen.storyboard */,
				BBD241F5219AAC7C00911365 /* Info.plist */,
				BBD241F6219AAC7C00911365 /* main.m */,
			);
			path = AZCategory;
			sourceTree = "<group>";
		};
		BBD24205219AAE4600911365 /* Source */ = {
			isa = PBXGroup;
			children = (
				BBD24207219AAE4600911365 /* NSObject+AZSafeArea.h */,
				BBD2420B219AAE4600911365 /* NSObject+AZSafeArea.m */,
				BBD24208219AAE4600911365 /* UIView+AZGradient.h */,
				BBD2420A219AAE4600911365 /* UIView+AZGradient.m */,
				BBD24206219AAE4600911365 /* UIViewController+AZPushAndPop.h */,
				BBD24209219AAE4600911365 /* UIViewController+AZPushAndPop.m */,
				BB964B87225A415C001CAE11 /* AZServiceDate.h */,
				BB964B88225A415C001CAE11 /* AZServiceDate.m */,
				BBD24210219AAE5800911365 /* NSDate+AZInternetDateTime.h */,
				BBD24213219AAE5800911365 /* NSDate+AZInternetDateTime.m */,
			);
			path = Source;
			sourceTree = "<group>";
		};
		BBD2420F219AAE5800911365 /* OtherCategory */ = {
			isa = PBXGroup;
			children = (
				BBD24211219AAE5800911365 /* NSString+Number.h */,
				BBD24215219AAE5800911365 /* NSString+Number.m */,
				BBD24214219AAE5800911365 /* UIImage+Transform.h */,
				BBD24212219AAE5800911365 /* UIImage+Transform.m */,
			);
			path = OtherCategory;
			sourceTree = "<group>";
		};
		BBD24219219AAE5F00911365 /* Test */ = {
			isa = PBXGroup;
			children = (
				BBD2421A219AAE5F00911365 /* Gradient */,
				BBD2421D219AAE5F00911365 /* PushAndPop */,
			);
			path = Test;
			sourceTree = "<group>";
		};
		BBD2421A219AAE5F00911365 /* Gradient */ = {
			isa = PBXGroup;
			children = (
				BBD2421C219AAE5F00911365 /* GradientVC.h */,
				BBD2421B219AAE5F00911365 /* GradientVC.m */,
			);
			path = Gradient;
			sourceTree = "<group>";
		};
		BBD2421D219AAE5F00911365 /* PushAndPop */ = {
			isa = PBXGroup;
			children = (
				BBD2421E219AAE5F00911365 /* PushAndPopVCOne.h */,
				BBD24221219AAE5F00911365 /* PushAndPopVCOne.m */,
				BBD2421F219AAE5F00911365 /* PushAndPopVCOne.xib */,
				BBD24222219AAE5F00911365 /* PushAndPopVCTwo.h */,
				BBD24220219AAE5F00911365 /* PushAndPopVCTwo.m */,
				BBD24223219AAE5F00911365 /* PushAndPopVCTwo.xib */,
			);
			path = PushAndPop;
			sourceTree = "<group>";
		};
/* End PBXGroup section */

/* Begin PBXNativeTarget section */
		BBD241E3219AAC7A00911365 /* AZCategory */ = {
			isa = PBXNativeTarget;
			buildConfigurationList = BBD241FA219AAC7C00911365 /* Build configuration list for PBXNativeTarget "AZCategory" */;
			buildPhases = (
				BBD241E0219AAC7A00911365 /* Sources */,
				BBD241E1219AAC7A00911365 /* Frameworks */,
				BBD241E2219AAC7A00911365 /* Resources */,
			);
			buildRules = (
			);
			dependencies = (
			);
			name = AZCategory;
			productName = AZCategory;
			productReference = BBD241E4219AAC7A00911365 /* AZCategory.app */;
			productType = "com.apple.product-type.application";
		};
/* End PBXNativeTarget section */

/* Begin PBXProject section */
		BBD241DC219AAC7A00911365 /* Project object */ = {
			isa = PBXProject;
			attributes = {
				LastUpgradeCheck = 0940;
				ORGANIZATIONNAME = Alfred;
				TargetAttributes = {
					BBD241E3219AAC7A00911365 = {
						CreatedOnToolsVersion = 9.4;
					};
				};
			};
			buildConfigurationList = BBD241DF219AAC7A00911365 /* Build configuration list for PBXProject "AZCategory" */;
			compatibilityVersion = "Xcode 9.3";
			developmentRegion = en;
			hasScannedForEncodings = 0;
			knownRegions = (
				en,
				Base,
			);
			mainGroup = BBD241DB219AAC7A00911365;
			productRefGroup = BBD241E5219AAC7A00911365 /* Products */;
			projectDirPath = "";
			projectRoot = "";
			targets = (
				BBD241E3219AAC7A00911365 /* AZCategory */,
			);
		};
/* End PBXProject section */

/* Begin PBXResourcesBuildPhase section */
		BBD241E2219AAC7A00911365 /* Resources */ = {
			isa = PBXResourcesBuildPhase;
			buildActionMask = 2147483647;
			files = (
				BBD241F4219AAC7C00911365 /* LaunchScreen.storyboard in Resources */,
				BBD24225219AAE5F00911365 /* PushAndPopVCOne.xib in Resources */,
				BBD241F1219AAC7C00911365 /* Assets.xcassets in Resources */,
				BBD24228219AAE5F00911365 /* PushAndPopVCTwo.xib in Resources */,
				BBD241EF219AAC7A00911365 /* Main.storyboard in Resources */,
			);
			runOnlyForDeploymentPostprocessing = 0;
		};
/* End PBXResourcesBuildPhase section */

/* Begin PBXSourcesBuildPhase section */
		BBD241E0219AAC7A00911365 /* Sources */ = {
			isa = PBXSourcesBuildPhase;
			buildActionMask = 2147483647;
			files = (
				BBD2420D219AAE4600911365 /* UIView+AZGradient.m in Sources */,
				BBD24227219AAE5F00911365 /* PushAndPopVCOne.m in Sources */,
				BBD24226219AAE5F00911365 /* PushAndPopVCTwo.m in Sources */,
				BBD241EC219AAC7A00911365 /* ViewController.m in Sources */,
				BBD241F7219AAC7C00911365 /* main.m in Sources */,
				BBD241E9219AAC7A00911365 /* AppDelegate.m in Sources */,
				BBD24224219AAE5F00911365 /* GradientVC.m in Sources */,
				BBD24217219AAE5800911365 /* NSDate+AZInternetDateTime.m in Sources */,
				BBD24216219AAE5800911365 /* UIImage+Transform.m in Sources */,
				BB964B89225A415C001CAE11 /* AZServiceDate.m in Sources */,
				BBD2420E219AAE4600911365 /* NSObject+AZSafeArea.m in Sources */,
				BBD24218219AAE5800911365 /* NSString+Number.m in Sources */,
				BBD2420C219AAE4600911365 /* UIViewController+AZPushAndPop.m in Sources */,
			);
			runOnlyForDeploymentPostprocessing = 0;
		};
/* End PBXSourcesBuildPhase section */

/* Begin PBXVariantGroup section */
		BBD241ED219AAC7A00911365 /* Main.storyboard */ = {
			isa = PBXVariantGroup;
			children = (
				BBD241EE219AAC7A00911365 /* Base */,
			);
			name = Main.storyboard;
			sourceTree = "<group>";
		};
		BBD241F2219AAC7C00911365 /* LaunchScreen.storyboard */ = {
			isa = PBXVariantGroup;
			children = (
				BBD241F3219AAC7C00911365 /* Base */,
			);
			name = LaunchScreen.storyboard;
			sourceTree = "<group>";
		};
/* End PBXVariantGroup section */

/* Begin XCBuildConfiguration section */
		BBD241F8219AAC7C00911365 /* Debug */ = {
			isa = XCBuildConfiguration;
			buildSettings = {
				ALWAYS_SEARCH_USER_PATHS = NO;
				CLANG_ANALYZER_NONNULL = YES;
				CLANG_ANALYZER_NUMBER_OBJECT_CONVERSION = YES_AGGRESSIVE;
				CLANG_CXX_LANGUAGE_STANDARD = "gnu++14";
				CLANG_CXX_LIBRARY = "libc++";
				CLANG_ENABLE_MODULES = YES;
				CLANG_ENABLE_OBJC_ARC = YES;
				CLANG_ENABLE_OBJC_WEAK = YES;
				CLANG_WARN_BLOCK_CAPTURE_AUTORELEASING = YES;
				CLANG_WARN_BOOL_CONVERSION = YES;
				CLANG_WARN_COMMA = YES;
				CLANG_WARN_CONSTANT_CONVERSION = YES;
				CLANG_WARN_DEPRECATED_OBJC_IMPLEMENTATIONS = YES;
				CLANG_WARN_DIRECT_OBJC_ISA_USAGE = YES_ERROR;
				CLANG_WARN_DOCUMENTATION_COMMENTS = YES;
				CLANG_WARN_EMPTY_BODY = YES;
				CLANG_WARN_ENUM_CONVERSION = YES;
				CLANG_WARN_INFINITE_RECURSION = YES;
				CLANG_WARN_INT_CONVERSION = YES;
				CLANG_WARN_NON_LITERAL_NULL_CONVERSION = YES;
				CLANG_WARN_OBJC_IMPLICIT_RETAIN_SELF = YES;
				CLANG_WARN_OBJC_LITERAL_CONVERSION = YES;
				CLANG_WARN_OBJC_ROOT_CLASS = YES_ERROR;
				CLANG_WARN_RANGE_LOOP_ANALYSIS = YES;
				CLANG_WARN_STRICT_PROTOTYPES = YES;
				CLANG_WARN_SUSPICIOUS_MOVE = YES;
				CLANG_WARN_UNGUARDED_AVAILABILITY = YES_AGGRESSIVE;
				CLANG_WARN_UNREACHABLE_CODE = YES;
				CLANG_WARN__DUPLICATE_METHOD_MATCH = YES;
				CODE_SIGN_IDENTITY = "iPhone Developer";
				COPY_PHASE_STRIP = NO;
				DEBUG_INFORMATION_FORMAT = dwarf;
				ENABLE_STRICT_OBJC_MSGSEND = YES;
				ENABLE_TESTABILITY = YES;
				GCC_C_LANGUAGE_STANDARD = gnu11;
				GCC_DYNAMIC_NO_PIC = NO;
				GCC_NO_COMMON_BLOCKS = YES;
				GCC_OPTIMIZATION_LEVEL = 0;
				GCC_PREPROCESSOR_DEFINITIONS = (
					"DEBUG=1",
					"$(inherited)",
				);
				GCC_WARN_64_TO_32_BIT_CONVERSION = YES;
				GCC_WARN_ABOUT_RETURN_TYPE = YES_ERROR;
				GCC_WARN_UNDECLARED_SELECTOR = YES;
				GCC_WARN_UNINITIALIZED_AUTOS = YES_AGGRESSIVE;
				GCC_WARN_UNUSED_FUNCTION = YES;
				GCC_WARN_UNUSED_VARIABLE = YES;
				IPHONEOS_DEPLOYMENT_TARGET = 11.4;
				MTL_ENABLE_DEBUG_INFO = YES;
				ONLY_ACTIVE_ARCH = YES;
				SDKROOT = iphoneos;
			};
			name = Debug;
		};
		BBD241F9219AAC7C00911365 /* Release */ = {
			isa = XCBuildConfiguration;
			buildSettings = {
				ALWAYS_SEARCH_USER_PATHS = NO;
				CLANG_ANALYZER_NONNULL = YES;
				CLANG_ANALYZER_NUMBER_OBJECT_CONVERSION = YES_AGGRESSIVE;
				CLANG_CXX_LANGUAGE_STANDARD = "gnu++14";
				CLANG_CXX_LIBRARY = "libc++";
				CLANG_ENABLE_MODULES = YES;
				CLANG_ENABLE_OBJC_ARC = YES;
				CLANG_ENABLE_OBJC_WEAK = YES;
				CLANG_WARN_BLOCK_CAPTURE_AUTORELEASING = YES;
				CLANG_WARN_BOOL_CONVERSION = YES;
				CLANG_WARN_COMMA = YES;
				CLANG_WARN_CONSTANT_CONVERSION = YES;
				CLANG_WARN_DEPRECATED_OBJC_IMPLEMENTATIONS = YES;
				CLANG_WARN_DIRECT_OBJC_ISA_USAGE = YES_ERROR;
				CLANG_WARN_DOCUMENTATION_COMMENTS = YES;
				CLANG_WARN_EMPTY_BODY = YES;
				CLANG_WARN_ENUM_CONVERSION = YES;
				CLANG_WARN_INFINITE_RECURSION = YES;
				CLANG_WARN_INT_CONVERSION = YES;
				CLANG_WARN_NON_LITERAL_NULL_CONVERSION = YES;
				CLANG_WARN_OBJC_IMPLICIT_RETAIN_SELF = YES;
				CLANG_WARN_OBJC_LITERAL_CONVERSION = YES;
				CLANG_WARN_OBJC_ROOT_CLASS = YES_ERROR;
				CLANG_WARN_RANGE_LOOP_ANALYSIS = YES;
				CLANG_WARN_STRICT_PROTOTYPES = YES;
				CLANG_WARN_SUSPICIOUS_MOVE = YES;
				CLANG_WARN_UNGUARDED_AVAILABILITY = YES_AGGRESSIVE;
				CLANG_WARN_UNREACHABLE_CODE = YES;
				CLANG_WARN__DUPLICATE_METHOD_MATCH = YES;
				CODE_SIGN_IDENTITY = "iPhone Developer";
				COPY_PHASE_STRIP = NO;
				DEBUG_INFORMATION_FORMAT = "dwarf-with-dsym";
				ENABLE_NS_ASSERTIONS = NO;
				ENABLE_STRICT_OBJC_MSGSEND = YES;
				GCC_C_LANGUAGE_STANDARD = gnu11;
				GCC_NO_COMMON_BLOCKS = YES;
				GCC_WARN_64_TO_32_BIT_CONVERSION = YES;
				GCC_WARN_ABOUT_RETURN_TYPE = YES_ERROR;
				GCC_WARN_UNDECLARED_SELECTOR = YES;
				GCC_WARN_UNINITIALIZED_AUTOS = YES_AGGRESSIVE;
				GCC_WARN_UNUSED_FUNCTION = YES;
				GCC_WARN_UNUSED_VARIABLE = YES;
				IPHONEOS_DEPLOYMENT_TARGET = 11.4;
				MTL_ENABLE_DEBUG_INFO = NO;
				SDKROOT = iphoneos;
				VALIDATE_PRODUCT = YES;
			};
			name = Release;
		};
		BBD241FB219AAC7C00911365 /* Debug */ = {
			isa = XCBuildConfiguration;
			buildSettings = {
				ASSETCATALOG_COMPILER_APPICON_NAME = AppIcon;
				CODE_SIGN_STYLE = Automatic;
				INFOPLIST_FILE = AZCategory/Info.plist;
				LD_RUNPATH_SEARCH_PATHS = (
					"$(inherited)",
					"@executable_path/Frameworks",
				);
				PRODUCT_BUNDLE_IDENTIFIER = com.AlfredZhang.AZCategory;
				PRODUCT_NAME = "$(TARGET_NAME)";
				TARGETED_DEVICE_FAMILY = "1,2";
			};
			name = Debug;
		};
		BBD241FC219AAC7C00911365 /* Release */ = {
			isa = XCBuildConfiguration;
			buildSettings = {
				ASSETCATALOG_COMPILER_APPICON_NAME = AppIcon;
				CODE_SIGN_STYLE = Automatic;
				INFOPLIST_FILE = AZCategory/Info.plist;
				LD_RUNPATH_SEARCH_PATHS = (
					"$(inherited)",
					"@executable_path/Frameworks",
				);
				PRODUCT_BUNDLE_IDENTIFIER = com.AlfredZhang.AZCategory;
				PRODUCT_NAME = "$(TARGET_NAME)";
				TARGETED_DEVICE_FAMILY = "1,2";
			};
			name = Release;
		};
/* End XCBuildConfiguration section */

/* Begin XCConfigurationList section */
		BBD241DF219AAC7A00911365 /* Build configuration list for PBXProject "AZCategory" */ = {
			isa = XCConfigurationList;
			buildConfigurations = (
				BBD241F8219AAC7C00911365 /* Debug */,
				BBD241F9219AAC7C00911365 /* Release */,
			);
			defaultConfigurationIsVisible = 0;
			defaultConfigurationName = Release;
		};
		BBD241FA219AAC7C00911365 /* Build configuration list for PBXNativeTarget "AZCategory" */ = {
			isa = XCConfigurationList;
			buildConfigurations = (
				BBD241FB219AAC7C00911365 /* Debug */,
				BBD241FC219AAC7C00911365 /* Release */,
			);
			defaultConfigurationIsVisible = 0;
			defaultConfigurationName = Release;
		};
/* End XCConfigurationList section */
	};
	rootObject = BBD241DC219AAC7A00911365 /* Project object */;
}
